
Microsoft Visual Studio Solution File, Format Version 12.00
# Visual Studio Version 17
VisualStudioVersion = 17.6.33815.320
MinimumVisualStudioVersion = 10.0.40219.1
Project("{FAE04EC0-301F-11D3-BF4B-00C04F79EFBC}") = "MessageBoxApp", "MessageBoxApp\MessageBoxApp.csproj", "{8E73C685-475C-4471-B48B-81726576312D}"
EndProject
Global
	GlobalSection(SolutionConfigurationPlatforms) = preSolution
		Debug|Any CPU = Debug|Any CPU
		Release|Any CPU = Release|Any CPU
	EndGlobalSection
	GlobalSection(ProjectConfigurationPlatforms) = postSolution
		{8E73C685-475C-4471-B48B-81726576312D}.Debug|Any CPU.ActiveCfg = Debug|Any CPU
		{8E73C685-475C-4471-B48B-81726576312D}.Debug|Any CPU.Build.0 = Debug|Any CPU
		{8E73C685-475C-4471-B48B-81726576312D}.Release|Any CPU.ActiveCfg = Release|Any CPU
		{8E73C685-475C-4471-B48B-81726576312D}.Release|Any CPU.Build.0 = Release|Any CPU
	EndGlobalSection
	GlobalSection(SolutionProperties) = preSolution
		HideSolutionNode = FALSE
	EndGlobalSection
	GlobalSection(ExtensibilityGlobals) = postSolution
		SolutionGuid = {C40E9931-3D2C-43E4-A18F-6DCF4C90500E}
	EndGlobalSection
EndGlobal
